// !$*UTF8*$!
{
	archiveVersion = 1;
	classes = {
	};
	objectVersion = 48;
	objects = {

/* Begin PBXBuildFile section */
		1788D0FD201F6E4C004B2CEA /* AppDelegate.swift in Sources */ = {isa = PBXBuildFile; fileRef = 1788D0FC201F6E4C004B2CEA /* AppDelegate.swift */; };
		1788D0FF201F6E4C004B2CEA /* ViewController.swift in Sources */ = {isa = PBXBuildFile; fileRef = 1788D0FE201F6E4C004B2CEA /* ViewController.swift */; };
		1788D102201F6E4C004B2CEA /* Main.storyboard in Resources */ = {isa = PBXBuildFile; fileRef = 1788D100201F6E4C004B2CEA /* Main.storyboard */; };
		1788D104201F6E4C004B2CEA /* Assets.xcassets in Resources */ = {isa = PBXBuildFile; fileRef = 1788D103201F6E4C004B2CEA /* Assets.xcassets */; };
		1788D107201F6E4C004B2CEA /* LaunchScreen.storyboard in Resources */ = {isa = PBXBuildFile; fileRef = 1788D105201F6E4C004B2CEA /* LaunchScreen.storyboard */; };
/* End PBXBuildFile section */

/* Begin PBXFileReference section */
		1788D0F9201F6E4C004B2CEA /* Katana-Sample.app */ = {isa = PBXFileReference; explicitFileType = wrapper.application; includeInIndex = 0; path = "Katana-Sample.app"; sourceTree = BUILT_PRODUCTS_DIR; };
		1788D0FC201F6E4C004B2CEA /* AppDelegate.swift */ = {isa = PBXFileReference; lastKnownFileType = sourcecode.swift; path = AppDelegate.swift; sourceTree = "<group>"; };
		1788D0FE201F6E4C004B2CEA /* ViewController.swift */ = {isa = PBXFileReference; lastKnownFileType = sourcecode.swift; path = ViewController.swift; sourceTree = "<group>"; };
		1788D101201F6E4C004B2CEA /* Base */ = {isa = PBXFileReference; lastKnownFileType = file.storyboard; name = Base; path = Base.lproj/Main.storyboard; sourceTree = "<group>"; };
		1788D103201F6E4C004B2CEA /* Assets.xcassets */ = {isa = PBXFileReference; lastKnownFileType = folder.assetcatalog; path = Assets.xcassets; sourceTree = "<group>"; };
		1788D106201F6E4C004B2CEA /* Base */ = {isa = PBXFileReference; lastKnownFileType = file.storyboard; name = Base; path = Base.lproj/LaunchScreen.storyboard; sourceTree = "<group>"; };
		1788D108201F6E4C004B2CEA /* Info.plist */ = {isa = PBXFileReference; lastKnownFileType = text.plist.xml; path = Info.plist; sourceTree = "<group>"; };
/* End PBXFileReference section */

/* Begin PBXFrameworksBuildPhase section */
		1788D0F6201F6E4C004B2CEA /* Frameworks */ = {
			isa = PBXFrameworksBuildPhase;
			buildActionMask = 2147483647;
			files = (
			);
			runOnlyForDeploymentPostprocessing = 0;
		};
/* End PBXFrameworksBuildPhase section */

/* Begin PBXGroup section */
		1788D0F0201F6E4C004B2CEA = {
			isa = PBXGroup;
			children = (
				1788D0FB201F6E4C004B2CEA /* Katana-Sample */,
				1788D0FA201F6E4C004B2CEA /* Products */,
			);
			sourceTree = "<group>";
		};
		1788D0FA201F6E4C004B2CEA /* Products */ = {
			isa = PBXGroup;
			children = (
				1788D0F9201F6E4C004B2CEA /* Katana-Sample.app */,
			);
			name = Products;
			sourceTree = "<group>";
		};
		1788D0FB201F6E4C004B2CEA /* Katana-Sample */ = {
			isa = PBXGroup;
			children = (
				1788D0FC201F6E4C004B2CEA /* AppDelegate.swift */,
				1788D0FE201F6E4C004B2CEA /* ViewController.swift */,
				1788D100201F6E4C004B2CEA /* Main.storyboard */,
				1788D103201F6E4C004B2CEA /* Assets.xcassets */,
				1788D105201F6E4C004B2CEA /* LaunchScreen.storyboard */,
				1788D108201F6E4C004B2CEA /* Info.plist */,
			);
			path = "Katana-Sample";
			sourceTree = "<group>";
		};
/* End PBXGroup section */

/* Begin PBXNativeTarget section */
		1788D0F8201F6E4C004B2CEA /* Katana-Sample */ = {
			isa = PBXNativeTarget;
			buildConfigurationList = 1788D10B201F6E4C004B2CEA /* Build configuration list for PBXNativeTarget "Katana-Sample" */;
			buildPhases = (
				1788D0F5201F6E4C004B2CEA /* Sources */,
				1788D0F6201F6E4C004B2CEA /* Frameworks */,
				1788D0F7201F6E4C004B2CEA /* Resources */,
			);
			buildRules = (
			);
			dependencies = (
			);
			name = "Katana-Sample";
			productName = "Katana-Sample";
			productReference = 1788D0F9201F6E4C004B2CEA /* Katana-Sample.app */;
			productType = "com.apple.product-type.application";
		};
/* End PBXNativeTarget section */

/* Begin PBXProject section */
		1788D0F1201F6E4C004B2CEA /* Project object */ = {
			isa = PBXProject;
			attributes = {
				LastSwiftUpdateCheck = 0920;
				LastUpgradeCheck = 0920;
				ORGANIZATIONNAME = "Takuya Ohsawa";
				TargetAttributes = {
					1788D0F8201F6E4C004B2CEA = {
						CreatedOnToolsVersion = 9.2;
						ProvisioningStyle = Automatic;
					};
				};
			};
			buildConfigurationList = 1788D0F4201F6E4C004B2CEA /* Build configuration list for PBXProject "Katana-Sample" */;
			compatibilityVersion = "Xcode 8.0";
			developmentRegion = en;
			hasScannedForEncodings = 0;
			knownRegions = (
				en,
				Base,
			);
			mainGroup = 1788D0F0201F6E4C004B2CEA;
			productRefGroup = 1788D0FA201F6E4C004B2CEA /* Products */;
			projectDirPath = "";
			projectRoot = "";
			targets = (
				1788D0F8201F6E4C004B2CEA /* Katana-Sample */,
			);
		};
/* End PBXProject section */

/* Begin PBXResourcesBuildPhase section */
		1788D0F7201F6E4C004B2CEA /* Resources */ = {
			isa = PBXResourcesBuildPhase;
			buildActionMask = 2147483647;
			files = (
				1788D107201F6E4C004B2CEA /* LaunchScreen.storyboard in Resources */,
				1788D104201F6E4C004B2CEA /* Assets.xcassets in Resources */,
				1788D102201F6E4C004B2CEA /* Main.storyboard in Resources */,
			);
			runOnlyForDeploymentPostprocessing = 0;
		};
/* End PBXResourcesBuildPhase section */

/* Begin PBXSourcesBuildPhase section */
		1788D0F5201F6E4C004B2CEA /* Sources */ = {
			isa = PBXSourcesBuildPhase;
			buildActionMask = 2147483647;
			files = (
				1788D0FF201F6E4C004B2CEA /* ViewController.swift in Sources */,
				1788D0FD201F6E4C004B2CEA /* AppDelegate.swift in Sources */,
			);
			runOnlyForDeploymentPostprocessing = 0;
		};
/* End PBXSourcesBuildPhase section */

/* Begin PBXVariantGroup section */
		1788D100201F6E4C004B2CEA /* Main.storyboard */ = {
			isa = PBXVariantGroup;
			children = (
				1788D101201F6E4C004B2CEA /* Base */,
			);
			name = Main.storyboard;
			sourceTree = "<group>";
		};
		1788D105201F6E4C004B2CEA /* LaunchScreen.storyboard */ = {
			isa = PBXVariantGroup;
			children = (
				1788D106201F6E4C004B2CEA /* Base */,
			);
			name = LaunchScreen.storyboard;
			sourceTree = "<group>";
		};
/* End PBXVariantGroup section */

/* Begin XCBuildConfiguration section */
		1788D109201F6E4C004B2CEA /* Debug */ = {
			isa = XCBuildConfiguration;
			buildSettings = {
				ALWAYS_SEARCH_USER_PATHS = NO;
				CLANG_ANALYZER_NONNULL = YES;
				CLANG_ANALYZER_NUMBER_OBJECT_CONVERSION = YES_AGGRESSIVE;
				CLANG_CXX_LANGUAGE_STANDARD = "gnu++14";
				CLANG_CXX_LIBRARY = "libc++";
				CLANG_ENABLE_MODULES = YES;
				CLANG_ENABLE_OBJC_ARC = YES;
				CLANG_WARN_BLOCK_CAPTURE_AUTORELEASING = YES;
				CLANG_WARN_BOOL_CONVERSION = YES;
				CLANG_WARN_COMMA = YES;
				CLANG_WARN_CONSTANT_CONVERSION = YES;
				CLANG_WARN_DIRECT_OBJC_ISA_USAGE = YES_ERROR;
				CLANG_WARN_DOCUMENTATION_COMMENTS = YES;
				CLANG_WARN_EMPTY_BODY = YES;
				CLANG_WARN_ENUM_CONVERSION = YES;
				CLANG_WARN_INFINITE_RECURSION = YES;
				CLANG_WARN_INT_CONVERSION = YES;
				CLANG_WARN_NON_LITERAL_NULL_CONVERSION = YES;
				CLANG_WARN_OBJC_LITERAL_CONVERSION = YES;
				CLANG_WARN_OBJC_ROOT_CLASS = YES_ERROR;
				CLANG_WARN_RANGE_LOOP_ANALYSIS = YES;
				CLANG_WARN_STRICT_PROTOTYPES = YES;
				CLANG_WARN_SUSPICIOUS_MOVE = YES;
				CLANG_WARN_UNGUARDED_AVAILABILITY = YES_AGGRESSIVE;
				CLANG_WARN_UNREACHABLE_CODE = YES;
				CLANG_WARN__DUPLICATE_METHOD_MATCH = YES;
				CODE_SIGN_IDENTITY = "iPhone Developer";
				COPY_PHASE_STRIP = NO;
				DEBUG_INFORMATION_FORMAT = dwarf;
				ENABLE_STRICT_OBJC_MSGSEND = YES;
				ENABLE_TESTABILITY = YES;
				GCC_C_LANGUAGE_STANDARD = gnu11;
				GCC_DYNAMIC_NO_PIC = NO;
				GCC_NO_COMMON_BLOCKS = YES;
				GCC_OPTIMIZATION_LEVEL = 0;
				GCC_PREPROCESSOR_DEFINITIONS = (
					"DEBUG=1",
					"$(inherited)",
				);
				GCC_WARN_64_TO_32_BIT_CONVERSION = YES;
				GCC_WARN_ABOUT_RETURN_TYPE = YES_ERROR;
				GCC_WARN_UNDECLARED_SELECTOR = YES;
				GCC_WARN_UNINITIALIZED_AUTOS = YES_AGGRESSIVE;
				GCC_WARN_UNUSED_FUNCTION = YES;
				GCC_WARN_UNUSED_VARIABLE = YES;
				IPHONEOS_DEPLOYMENT_TARGET = 11.2;
				MTL_ENABLE_DEBUG_INFO = YES;
				ONLY_ACTIVE_ARCH = YES;
				SDKROOT = iphoneos;
				SWIFT_ACTIVE_COMPILATION_CONDITIONS = DEBUG;
				SWIFT_OPTIMIZATION_LEVEL = "-Onone";
			};
			name = Debug;
		};
		1788D10A201F6E4C004B2CEA /* Release */ = {
			isa = XCBuildConfiguration;
			buildSettings = {
				ALWAYS_SEARCH_USER_PATHS = NO;
				CLANG_ANALYZER_NONNULL = YES;
				CLANG_ANALYZER_NUMBER_OBJECT_CONVERSION = YES_AGGRESSIVE;
				CLANG_CXX_LANGUAGE_STANDARD = "gnu++14";
				CLANG_CXX_LIBRARY = "libc++";
				CLANG_ENABLE_MODULES = YES;
				CLANG_ENABLE_OBJC_ARC = YES;
				CLANG_WARN_BLOCK_CAPTURE_AUTORELEASING = YES;
				CLANG_WARN_BOOL_CONVERSION = YES;
				CLANG_WARN_COMMA = YES;
				CLANG_WARN_CONSTANT_CONVERSION = YES;
				CLANG_WARN_DIRECT_OBJC_ISA_USAGE = YES_ERROR;
				CLANG_WARN_DOCUMENTATION_COMMENTS = YES;
				CLANG_WARN_EMPTY_BODY = YES;
				CLANG_WARN_ENUM_CONVERSION = YES;
				CLANG_WARN_INFINITE_RECURSION = YES;
				CLANG_WARN_INT_CONVERSION = YES;
				CLANG_WARN_NON_LITERAL_NULL_CONVERSION = YES;
				CLANG_WARN_OBJC_LITERAL_CONVERSION = YES;
				CLANG_WARN_OBJC_ROOT_CLASS = YES_ERROR;
				CLANG_WARN_RANGE_LOOP_ANALYSIS = YES;
				CLANG_WARN_STRICT_PROTOTYPES = YES;
				CLANG_WARN_SUSPICIOUS_MOVE = YES;
				CLANG_WARN_UNGUARDED_AVAILABILITY = YES_AGGRESSIVE;
				CLANG_WARN_UNREACHABLE_CODE = YES;
				CLANG_WARN__DUPLICATE_METHOD_MATCH = YES;
				CODE_SIGN_IDENTITY = "iPhone Developer";
				COPY_PHASE_STRIP = NO;
				DEBUG_INFORMATION_FORMAT = "dwarf-with-dsym";
				ENABLE_NS_ASSERTIONS = NO;
				ENABLE_STRICT_OBJC_MSGSEND = YES;
				GCC_C_LANGUAGE_STANDARD = gnu11;
				GCC_NO_COMMON_BLOCKS = YES;
				GCC_WARN_64_TO_32_BIT_CONVERSION = YES;
				GCC_WARN_ABOUT_RETURN_TYPE = YES_ERROR;
				GCC_WARN_UNDECLARED_SELECTOR = YES;
				GCC_WARN_UNINITIALIZED_AUTOS = YES_AGGRESSIVE;
				GCC_WARN_UNUSED_FUNCTION = YES;
				GCC_WARN_UNUSED_VARIABLE = YES;
				IPHONEOS_DEPLOYMENT_TARGET = 11.2;
				MTL_ENABLE_DEBUG_INFO = NO;
				SDKROOT = iphoneos;
				SWIFT_OPTIMIZATION_LEVEL = "-Owholemodule";
				VALIDATE_PRODUCT = YES;
			};
			name = Release;
		};
		1788D10C201F6E4C004B2CEA /* Debug */ = {
			isa = XCBuildConfiguration;
			buildSettings = {
				ASSETCATALOG_COMPILER_APPICON_NAME = AppIcon;
				CODE_SIGN_STYLE = Automatic;
				DEVELOPMENT_TEAM = P4GR5U4Y4Q;
				INFOPLIST_FILE = "Katana-Sample/Info.plist";
				LD_RUNPATH_SEARCH_PATHS = "$(inherited) @executable_path/Frameworks";
				PRODUCT_BUNDLE_IDENTIFIER = "apps.Katana-Sample";
				PRODUCT_NAME = "$(TARGET_NAME)";
				SWIFT_VERSION = 4.0;
				TARGETED_DEVICE_FAMILY = "1,2";
			};
			name = Debug;
		};
		1788D10D201F6E4C004B2CEA /* Release */ = {
			isa = XCBuildConfiguration;
			buildSettings = {
				ASSETCATALOG_COMPILER_APPICON_NAME = AppIcon;
				CODE_SIGN_STYLE = Automatic;
				DEVELOPMENT_TEAM = P4GR5U4Y4Q;
				INFOPLIST_FILE = "Katana-Sample/Info.plist";
				LD_RUNPATH_SEARCH_PATHS = "$(inherited) @executable_path/Frameworks";
				PRODUCT_BUNDLE_IDENTIFIER = "apps.Katana-Sample";
				PRODUCT_NAME = "$(TARGET_NAME)";
				SWIFT_VERSION = 4.0;
				TARGETED_DEVICE_FAMILY = "1,2";
			};
			name = Release;
		};
/* End XCBuildConfiguration section */

/* Begin XCConfigurationList section */
		1788D0F4201F6E4C004B2CEA /* Build configuration list for PBXProject "Katana-Sample" */ = {
			isa = XCConfigurationList;
			buildConfigurations = (
				1788D109201F6E4C004B2CEA /* Debug */,
				1788D10A201F6E4C004B2CEA /* Release */,
			);
			defaultConfigurationIsVisible = 0;
			defaultConfigurationName = Release;
		};
		1788D10B201F6E4C004B2CEA /* Build configuration list for PBXNativeTarget "Katana-Sample" */ = {
			isa = XCConfigurationList;
			buildConfigurations = (
				1788D10C201F6E4C004B2CEA /* Debug */,
				1788D10D201F6E4C004B2CEA /* Release */,
			);
			defaultConfigurationIsVisible = 0;
			defaultConfigurationName = Release;
		};
/* End XCConfigurationList section */
	};
	rootObject = 1788D0F1201F6E4C004B2CEA /* Project object */;
}
